
Microsoft Visual Studio Solution File, Format Version 12.00
# Visual Studio Version 16
VisualStudioVersion = 16.0.31005.135
MinimumVisualStudioVersion = 10.0.40219.1
Project("{9A19103F-16F7-4668-BE54-9A1E7A4F7556}") = "Turtle-Graphics-Example", "Turtle-Graphics-Example\Turtle-Graphics-Example.csproj", "{E1DC9935-6F3F-4ABB-BA24-FB64B04F3667}"
EndProject
Project("{FAE04EC0-301F-11D3-BF4B-00C04F79EFBC}") = "Nakov.TurtleGraphics", "Nakov.TurtleGraphics\Nakov.TurtleGraphics.csproj", "{7BE09D2D-D5A8-4EBC-83C9-2A8F3D522C26}"
EndProject
Global
	GlobalSection(SolutionConfigurationPlatforms) = preSolution
		Debug|Any CPU = Debug|Any CPU
		Release|Any CPU = Release|Any CPU
	EndGlobalSection
	GlobalSection(ProjectConfigurationPlatforms) = postSolution
		{E1DC9935-6F3F-4ABB-BA24-FB64B04F3667}.Debug|Any CPU.ActiveCfg = Debug|Any CPU
		{E1DC9935-6F3F-4ABB-BA24-FB64B04F3667}.Debug|Any CPU.Build.0 = Debug|Any CPU
		{E1DC9935-6F3F-4ABB-BA24-FB64B04F3667}.Release|Any CPU.ActiveCfg = Release|Any CPU
		{E1DC9935-6F3F-4ABB-BA24-FB64B04F3667}.Release|Any CPU.Build.0 = Release|Any CPU
		{7BE09D2D-D5A8-4EBC-83C9-2A8F3D522C26}.Debug|Any CPU.ActiveCfg = Debug|Any CPU
		{7BE09D2D-D5A8-4EBC-83C9-2A8F3D522C26}.Debug|Any CPU.Build.0 = Debug|Any CPU
		{7BE09D2D-D5A8-4EBC-83C9-2A8F3D522C26}.Release|Any CPU.ActiveCfg = Release|Any CPU
		{7BE09D2D-D5A8-4EBC-83C9-2A8F3D522C26}.Release|Any CPU.Build.0 = Release|Any CPU
	EndGlobalSection
	GlobalSection(SolutionProperties) = preSolution
		HideSolutionNode = FALSE
	EndGlobalSection
	GlobalSection(ExtensibilityGlobals) = postSolution
		SolutionGuid = {1F6E104C-B49D-4E58-848B-A615FADACEFA}
	EndGlobalSection
EndGlobal
